
Microsoft Visual Studio Solution File, Format Version 12.00
Project("{FAE04EC0-301F-11D3-BF4B-00C04F79EFBC}") = "Ecommerce.Api", "Ecommerce.Api\Ecommerce.Api.csproj", "{9E1DFC35-1872-424D-BC7E-10029FF2DB87}"
EndProject
Project("{FAE04EC0-301F-11D3-BF4B-00C04F79EFBC}") = "Ecommerce.Admin", "Ecommerce.Admin\Ecommerce.Admin.csproj", "{62B26555-4571-41E5-83CA-264DD6C39545}"
EndProject
Project("{FAE04EC0-301F-11D3-BF4B-00C04F79EFBC}") = "Ecommerce.Shared", "Ecommerce.Shared\Ecommerce.Shared.csproj", "{6040C501-2B1E-4D45-902A-5E18DC9DC623}"
EndProject
Global
	GlobalSection(SolutionConfigurationPlatforms) = preSolution
		Debug|Any CPU = Debug|Any CPU
		Release|Any CPU = Release|Any CPU
	EndGlobalSection
	GlobalSection(ProjectConfigurationPlatforms) = postSolution
		{9E1DFC35-1872-424D-BC7E-10029FF2DB87}.Debug|Any CPU.ActiveCfg = Debug|Any CPU
		{9E1DFC35-1872-424D-BC7E-10029FF2DB87}.Debug|Any CPU.Build.0 = Debug|Any CPU
		{9E1DFC35-1872-424D-BC7E-10029FF2DB87}.Release|Any CPU.ActiveCfg = Release|Any CPU
		{9E1DFC35-1872-424D-BC7E-10029FF2DB87}.Release|Any CPU.Build.0 = Release|Any CPU
		{62B26555-4571-41E5-83CA-264DD6C39545}.Debug|Any CPU.ActiveCfg = Debug|Any CPU
		{62B26555-4571-41E5-83CA-264DD6C39545}.Debug|Any CPU.Build.0 = Debug|Any CPU
		{62B26555-4571-41E5-83CA-264DD6C39545}.Release|Any CPU.ActiveCfg = Release|Any CPU
		{62B26555-4571-41E5-83CA-264DD6C39545}.Release|Any CPU.Build.0 = Release|Any CPU
		{6040C501-2B1E-4D45-902A-5E18DC9DC623}.Debug|Any CPU.ActiveCfg = Debug|Any CPU
		{6040C501-2B1E-4D45-902A-5E18DC9DC623}.Debug|Any CPU.Build.0 = Debug|Any CPU
		{6040C501-2B1E-4D45-902A-5E18DC9DC623}.Release|Any CPU.ActiveCfg = Release|Any CPU
		{6040C501-2B1E-4D45-902A-5E18DC9DC623}.Release|Any CPU.Build.0 = Release|Any CPU
	EndGlobalSection
EndGlobal
